
Microsoft Visual Studio Solution File, Format Version 12.00
# Visual Studio Version 16
VisualStudioVersion = 16.0.29509.3
MinimumVisualStudioVersion = 10.0.40219.1
Project("{FAE04EC0-301F-11D3-BF4B-00C04F79EFBC}") = "ConvertDocFormat", "ConvertToDoc\ConvertDocFormat.csproj", "{1423CB02-A6D1-4B0D-89E6-6EBA0C2FD90C}"
EndProject
Global
	GlobalSection(SolutionConfigurationPlatforms) = preSolution
		Debug|Any CPU = Debug|Any CPU
		Release|Any CPU = Release|Any CPU
	EndGlobalSection
	GlobalSection(ProjectConfigurationPlatforms) = postSolution
		{1423CB02-A6D1-4B0D-89E6-6EBA0C2FD90C}.Debug|Any CPU.ActiveCfg = Debug|Any CPU
		{1423CB02-A6D1-4B0D-89E6-6EBA0C2FD90C}.Debug|Any CPU.Build.0 = Debug|Any CPU
		{1423CB02-A6D1-4B0D-89E6-6EBA0C2FD90C}.Release|Any CPU.ActiveCfg = Release|Any CPU
		{1423CB02-A6D1-4B0D-89E6-6EBA0C2FD90C}.Release|Any CPU.Build.0 = Release|Any CPU
	EndGlobalSection
	GlobalSection(SolutionProperties) = preSolution
		HideSolutionNode = FALSE
	EndGlobalSection
	GlobalSection(ExtensibilityGlobals) = postSolution
		SolutionGuid = {F14A75E3-28B3-4413-84B1-EF2C5CB8BC02}
	EndGlobalSection
EndGlobal
